
Microsoft Visual Studio Solution File, Format Version 12.00
# Visual Studio Version 17
VisualStudioVersion = 17.5.002.0
MinimumVisualStudioVersion = 10.0.40219.1
Project("{9A19103F-16F7-4668-BE54-9A1E7A4F7556}") = "POO", "POO.csproj", "{31971C40-C582-437F-80BB-CE1C049D0EE1}"
EndProject
Project("{FAE04EC0-301F-11D3-BF4B-00C04F79EFBC}") = "Filme", "Filme\Filme.csproj", "{B02719FF-EBD9-4CEF-A1CE-DBF1BD198EA5}"
EndProject
Global
	GlobalSection(SolutionConfigurationPlatforms) = preSolution
		Debug|Any CPU = Debug|Any CPU
		Release|Any CPU = Release|Any CPU
	EndGlobalSection
	GlobalSection(ProjectConfigurationPlatforms) = postSolution
		{31971C40-C582-437F-80BB-CE1C049D0EE1}.Debug|Any CPU.ActiveCfg = Debug|Any CPU
		{31971C40-C582-437F-80BB-CE1C049D0EE1}.Debug|Any CPU.Build.0 = Debug|Any CPU
		{31971C40-C582-437F-80BB-CE1C049D0EE1}.Release|Any CPU.ActiveCfg = Release|Any CPU
		{31971C40-C582-437F-80BB-CE1C049D0EE1}.Release|Any CPU.Build.0 = Release|Any CPU
		{B02719FF-EBD9-4CEF-A1CE-DBF1BD198EA5}.Debug|Any CPU.ActiveCfg = Debug|Any CPU
		{B02719FF-EBD9-4CEF-A1CE-DBF1BD198EA5}.Debug|Any CPU.Build.0 = Debug|Any CPU
		{B02719FF-EBD9-4CEF-A1CE-DBF1BD198EA5}.Release|Any CPU.ActiveCfg = Release|Any CPU
		{B02719FF-EBD9-4CEF-A1CE-DBF1BD198EA5}.Release|Any CPU.Build.0 = Release|Any CPU
	EndGlobalSection
	GlobalSection(SolutionProperties) = preSolution
		HideSolutionNode = FALSE
	EndGlobalSection
	GlobalSection(ExtensibilityGlobals) = postSolution
		SolutionGuid = {D82E63C4-1C56-46C7-95AB-29FCBFBBBFA7}
	EndGlobalSection
EndGlobal
